
Microsoft Visual Studio Solution File, Format Version 12.00
# Visual Studio Version 17
VisualStudioVersion = 17.7.34031.279
MinimumVisualStudioVersion = 10.0.40219.1
Project("{FAE04EC0-301F-11D3-BF4B-00C04F79EFBC}") = "UserCRUDWebAPI_CQRS_MediatR", "UserCRUDWebAPI_CQRS_MediatR.csproj", "{2CA82A34-DD24-4B79-8C32-9A3969A1CC6F}"
EndProject
Global
	GlobalSection(SolutionConfigurationPlatforms) = preSolution
		Debug|Any CPU = Debug|Any CPU
		Release|Any CPU = Release|Any CPU
	EndGlobalSection
	GlobalSection(ProjectConfigurationPlatforms) = postSolution
		{2CA82A34-DD24-4B79-8C32-9A3969A1CC6F}.Debug|Any CPU.ActiveCfg = Debug|Any CPU
		{2CA82A34-DD24-4B79-8C32-9A3969A1CC6F}.Debug|Any CPU.Build.0 = Debug|Any CPU
		{2CA82A34-DD24-4B79-8C32-9A3969A1CC6F}.Release|Any CPU.ActiveCfg = Release|Any CPU
		{2CA82A34-DD24-4B79-8C32-9A3969A1CC6F}.Release|Any CPU.Build.0 = Release|Any CPU
	EndGlobalSection
	GlobalSection(SolutionProperties) = preSolution
		HideSolutionNode = FALSE
	EndGlobalSection
	GlobalSection(ExtensibilityGlobals) = postSolution
		SolutionGuid = {F37D4DA2-B7D1-4E31-B1CC-E0C571F6AA52}
	EndGlobalSection
EndGlobal
